
Microsoft Visual Studio Solution File, Format Version 12.00
# Visual Studio Version 16
VisualStudioVersion = 16.0.30907.101
MinimumVisualStudioVersion = 10.0.40219.1
Project("{FAE04EC0-301F-11D3-BF4B-00C04F79EFBC}") = "Max4Min", "Max4Min\Max4Min.csproj", "{E6076FD1-F986-45FB-A95A-4CC50CCB4C7D}"
EndProject
Global
	GlobalSection(SolutionConfigurationPlatforms) = preSolution
		Debug|Any CPU = Debug|Any CPU
		Release|Any CPU = Release|Any CPU
	EndGlobalSection
	GlobalSection(ProjectConfigurationPlatforms) = postSolution
		{E6076FD1-F986-45FB-A95A-4CC50CCB4C7D}.Debug|Any CPU.ActiveCfg = Debug|Any CPU
		{E6076FD1-F986-45FB-A95A-4CC50CCB4C7D}.Debug|Any CPU.Build.0 = Debug|Any CPU
		{E6076FD1-F986-45FB-A95A-4CC50CCB4C7D}.Release|Any CPU.ActiveCfg = Release|Any CPU
		{E6076FD1-F986-45FB-A95A-4CC50CCB4C7D}.Release|Any CPU.Build.0 = Release|Any CPU
	EndGlobalSection
	GlobalSection(SolutionProperties) = preSolution
		HideSolutionNode = FALSE
	EndGlobalSection
	GlobalSection(ExtensibilityGlobals) = postSolution
		SolutionGuid = {53F2B91C-6AC8-4CC5-8D16-BD9E738AC463}
	EndGlobalSection
EndGlobal
